
Microsoft Visual Studio Solution File, Format Version 12.00
# Visual Studio Version 17
VisualStudioVersion = 17.0.31903.59
MinimumVisualStudioVersion = 10.0.40219.1
Project("{9A19103F-16F7-4668-BE54-9A1E7A4F7556}") = "CocktailChooser.API", "CocktailChooser.API\CocktailChooser.API.csproj", "{F6DE35F0-6A6C-4A48-9C04-572343E3C23E}"
EndProject
Project("{9A19103F-16F7-4668-BE54-9A1E7A4F7556}") = "CocktailChooser.Data", "CocktailChooser.Data\CocktailChooser.Data.csproj", "{D5DD7B3A-64AB-4347-A2B7-95865051D004}"
EndProject
Project("{2150E333-8FDC-42A3-9474-1A3956D46DE8}") = "Solution Items", "Solution Items", "{D6551EF0-5314-4407-971A-6BDE784D0775}"
	ProjectSection(SolutionItems) = preProject
		Notes\NOTES.txt = Notes\NOTES.txt
	EndProjectSection
EndProject
Project("{FAE04EC0-301F-11D3-BF4B-00C04F79EFBC}") = "CocktailChooser.Repository", "CocktailChooser.Repository\CocktailChooser.Repository.csproj", "{B1595F08-ED02-463F-A9E1-4A74177A98B0}"
EndProject
Global
	GlobalSection(SolutionConfigurationPlatforms) = preSolution
		Debug|Any CPU = Debug|Any CPU
		Release|Any CPU = Release|Any CPU
	EndGlobalSection
	GlobalSection(ProjectConfigurationPlatforms) = postSolution
		{F6DE35F0-6A6C-4A48-9C04-572343E3C23E}.Debug|Any CPU.ActiveCfg = Debug|Any CPU
		{F6DE35F0-6A6C-4A48-9C04-572343E3C23E}.Debug|Any CPU.Build.0 = Debug|Any CPU
		{F6DE35F0-6A6C-4A48-9C04-572343E3C23E}.Release|Any CPU.ActiveCfg = Release|Any CPU
		{F6DE35F0-6A6C-4A48-9C04-572343E3C23E}.Release|Any CPU.Build.0 = Release|Any CPU
		{D5DD7B3A-64AB-4347-A2B7-95865051D004}.Debug|Any CPU.ActiveCfg = Debug|Any CPU
		{D5DD7B3A-64AB-4347-A2B7-95865051D004}.Debug|Any CPU.Build.0 = Debug|Any CPU
		{D5DD7B3A-64AB-4347-A2B7-95865051D004}.Release|Any CPU.ActiveCfg = Release|Any CPU
		{D5DD7B3A-64AB-4347-A2B7-95865051D004}.Release|Any CPU.Build.0 = Release|Any CPU
		{B1595F08-ED02-463F-A9E1-4A74177A98B0}.Debug|Any CPU.ActiveCfg = Debug|Any CPU
		{B1595F08-ED02-463F-A9E1-4A74177A98B0}.Debug|Any CPU.Build.0 = Debug|Any CPU
		{B1595F08-ED02-463F-A9E1-4A74177A98B0}.Release|Any CPU.ActiveCfg = Release|Any CPU
		{B1595F08-ED02-463F-A9E1-4A74177A98B0}.Release|Any CPU.Build.0 = Release|Any CPU
	EndGlobalSection
	GlobalSection(SolutionProperties) = preSolution
		HideSolutionNode = FALSE
	EndGlobalSection
	GlobalSection(ExtensibilityGlobals) = postSolution
		SolutionGuid = {4C2C44D9-4429-412B-81CE-637655DFF232}
	EndGlobalSection
EndGlobal
